PODS:
  - Flutter (1.0.0)
  - fluttersettingplugindemo (0.0.1):
    - Flutter

DEPENDENCIES:
  - Flutter (from `Flutter`)
  - fluttersettingplugindemo (from `.symlinks/plugins/fluttersettingplugindemo/ios`)

EXTERNAL SOURCES:
  Flutter:
    :path: Flutter
  fluttersettingplugindemo:
    :path: ".symlinks/plugins/fluttersettingplugindemo/ios"

SPEC CHECKSUMS:
  Flutter: 0e3d915762c693b495b44d77113d4970485de6ec
  fluttersettingplugindemo: 167e288e0269cce40b02657d82051615edc953f4

PODFILE CHECKSUM: c34e2287a9ccaa606aeceab922830efb9a6ff69a

COCOAPODS: 1.9.1
